
Microsoft Visual Studio Solution File, Format Version 12.00
# Visual Studio 2012
Project("{FAE04EC0-301F-11D3-BF4B-00C04F79EFBC}") = "Components.Z80", "Components.Z80\Components.Z80.csproj", "{DBFADC32-7336-47C1-B084-729C19638546}"
EndProject
Project("{FAE04EC0-301F-11D3-BF4B-00C04F79EFBC}") = "Z80Dasm", "Z80Dasm\Z80Dasm.csproj", "{BD01D268-61A5-412E-8E78-02B1BB60E5CC}"
EndProject
Project("{2150E333-8FDC-42A3-9474-1A3956D46DE8}") = "Z80Binaries", "Z80Binaries", "{BDF3F30F-367E-46A2-8F19-F9AFC763C547}"
	ProjectSection(SolutionItems) = preProject
		Z80Binaries\model3.asm = Z80Binaries\model3.asm
		Z80Binaries\model3.rom = Z80Binaries\model3.rom
		Z80Binaries\model3.symbols = Z80Binaries\model3.symbols
	EndProjectSection
EndProject
Project("{FAE04EC0-301F-11D3-BF4B-00C04F79EFBC}") = "Components", "Components\Components.csproj", "{9D2F45D2-DD17-4469-913E-0D2FEF3C5D82}"
EndProject
Global
	GlobalSection(SolutionConfigurationPlatforms) = preSolution
		Debug|Any CPU = Debug|Any CPU
		Release|Any CPU = Release|Any CPU
	EndGlobalSection
	GlobalSection(ProjectConfigurationPlatforms) = postSolution
		{DBFADC32-7336-47C1-B084-729C19638546}.Debug|Any CPU.ActiveCfg = Debug|Any CPU
		{DBFADC32-7336-47C1-B084-729C19638546}.Debug|Any CPU.Build.0 = Debug|Any CPU
		{DBFADC32-7336-47C1-B084-729C19638546}.Release|Any CPU.ActiveCfg = Release|Any CPU
		{DBFADC32-7336-47C1-B084-729C19638546}.Release|Any CPU.Build.0 = Release|Any CPU
		{BD01D268-61A5-412E-8E78-02B1BB60E5CC}.Debug|Any CPU.ActiveCfg = Debug|Any CPU
		{BD01D268-61A5-412E-8E78-02B1BB60E5CC}.Debug|Any CPU.Build.0 = Debug|Any CPU
		{BD01D268-61A5-412E-8E78-02B1BB60E5CC}.Release|Any CPU.ActiveCfg = Release|Any CPU
		{BD01D268-61A5-412E-8E78-02B1BB60E5CC}.Release|Any CPU.Build.0 = Release|Any CPU
		{9D2F45D2-DD17-4469-913E-0D2FEF3C5D82}.Debug|Any CPU.ActiveCfg = Debug|Any CPU
		{9D2F45D2-DD17-4469-913E-0D2FEF3C5D82}.Debug|Any CPU.Build.0 = Debug|Any CPU
		{9D2F45D2-DD17-4469-913E-0D2FEF3C5D82}.Release|Any CPU.ActiveCfg = Release|Any CPU
		{9D2F45D2-DD17-4469-913E-0D2FEF3C5D82}.Release|Any CPU.Build.0 = Release|Any CPU
	EndGlobalSection
	GlobalSection(SolutionProperties) = preSolution
		HideSolutionNode = FALSE
	EndGlobalSection
EndGlobal
